
Microsoft Visual Studio Solution File, Format Version 12.00
# Visual Studio 14
VisualStudioVersion = 14.0.25123.0
MinimumVisualStudioVersion = 10.0.40219.1
Project("{FAE04EC0-301F-11D3-BF4B-00C04F79EFBC}") = "Navigation_SideMenu.Droid", "Navigation_SideMenu\Navigation_SideMenu.Droid\Navigation_SideMenu.Droid.csproj", "{07E57FB3-7323-4045-85E3-C172F3A42A5A}"
EndProject
Project("{FAE04EC0-301F-11D3-BF4B-00C04F79EFBC}") = "Navigation_SideMenu.iOS", "Navigation_SideMenu\Navigation_SideMenu.iOS\Navigation_SideMenu.iOS.csproj", "{2416C8DD-99F8-4BEA-AE3B-988D314B043B}"
EndProject
Project("{FAE04EC0-301F-11D3-BF4B-00C04F79EFBC}") = "Navigation_SideMenu.WinPhone", "Navigation_SideMenu\Navigation_SideMenu.WinPhone\Navigation_SideMenu.WinPhone.csproj", "{BC29ED7D-7619-4B65-B574-FEE00A418B4B}"
EndProject
Project("{FAE04EC0-301F-11D3-BF4B-00C04F79EFBC}") = "Navigation_SideMenu.UWP", "Navigation_SideMenu\Navigation_SideMenu.UWP\Navigation_SideMenu.UWP.csproj", "{8FC40DA3-A08F-4194-BDF9-7D78D43765E7}"
EndProject
Project("{FAE04EC0-301F-11D3-BF4B-00C04F79EFBC}") = "Navigation_SideMenu.Windows", "Navigation_SideMenu\Navigation_SideMenu.Windows\Navigation_SideMenu.Windows.csproj", "{0B6B24E0-131D-452C-85D0-CC6CD8F6D72D}"
EndProject
Project("{FAE04EC0-301F-11D3-BF4B-00C04F79EFBC}") = "Navigation_SideMenu", "Navigation_SideMenu\Navigation_SideMenu\Navigation_SideMenu.csproj", "{996D1A3A-93FC-441F-BA26-0383B9FF278C}"
EndProject
Global
	GlobalSection(SolutionConfigurationPlatforms) = preSolution
		Ad-Hoc|Any CPU = Ad-Hoc|Any CPU
		Ad-Hoc|ARM = Ad-Hoc|ARM
		Ad-Hoc|iPhone = Ad-Hoc|iPhone
		Ad-Hoc|iPhoneSimulator = Ad-Hoc|iPhoneSimulator
		Ad-Hoc|x64 = Ad-Hoc|x64
		Ad-Hoc|x86 = Ad-Hoc|x86
		AppStore|Any CPU = AppStore|Any CPU
		AppStore|ARM = AppStore|ARM
		AppStore|iPhone = AppStore|iPhone
		AppStore|iPhoneSimulator = AppStore|iPhoneSimulator
		AppStore|x64 = AppStore|x64
		AppStore|x86 = AppStore|x86
		Debug|Any CPU = Debug|Any CPU
		Debug|ARM = Debug|ARM
		Debug|iPhone = Debug|iPhone
		Debug|iPhoneSimulator = Debug|iPhoneSimulator
		Debug|x64 = Debug|x64
		Debug|x86 = Debug|x86
		Release|Any CPU = Release|Any CPU
		Release|ARM = Release|ARM
		Release|iPhone = Release|iPhone
		Release|iPhoneSimulator = Release|iPhoneSimulator
		Release|x64 = Release|x64
		Release|x86 = Release|x86
	EndGlobalSection
	GlobalSection(ProjectConfigurationPlatforms) = postSolution
		{07E57FB3-7323-4045-85E3-C172F3A42A5A}.Ad-Hoc|Any CPU.ActiveCfg = Release|Any CPU
		{07E57FB3-7323-4045-85E3-C172F3A42A5A}.Ad-Hoc|Any CPU.Build.0 = Release|Any CPU
		{07E57FB3-7323-4045-85E3-C172F3A42A5A}.Ad-Hoc|Any CPU.Deploy.0 = Release|Any CPU
		{07E57FB3-7323-4045-85E3-C172F3A42A5A}.Ad-Hoc|ARM.ActiveCfg = Release|Any CPU
		{07E57FB3-7323-4045-85E3-C172F3A42A5A}.Ad-Hoc|ARM.Build.0 = Release|Any CPU
		{07E57FB3-7323-4045-85E3-C172F3A42A5A}.Ad-Hoc|ARM.Deploy.0 = Release|Any CPU
		{07E57FB3-7323-4045-85E3-C172F3A42A5A}.Ad-Hoc|iPhone.ActiveCfg = Release|Any CPU
		{07E57FB3-7323-4045-85E3-C172F3A42A5A}.Ad-Hoc|iPhone.Build.0 = Release|Any CPU
		{07E57FB3-7323-4045-85E3-C172F3A42A5A}.Ad-Hoc|iPhone.Deploy.0 = Release|Any CPU
		{07E57FB3-7323-4045-85E3-C172F3A42A5A}.Ad-Hoc|iPhoneSimulator.ActiveCfg = Release|Any CPU
		{07E57FB3-7323-4045-85E3-C172F3A42A5A}.Ad-Hoc|iPhoneSimulator.Build.0 = Release|Any CPU
		{07E57FB3-7323-4045-85E3-C172F3A42A5A}.Ad-Hoc|iPhoneSimulator.Deploy.0 = Release|Any CPU
		{07E57FB3-7323-4045-85E3-C172F3A42A5A}.Ad-Hoc|x64.ActiveCfg = Release|Any CPU
		{07E57FB3-7323-4045-85E3-C172F3A42A5A}.Ad-Hoc|x64.Build.0 = Release|Any CPU
		{07E57FB3-7323-4045-85E3-C172F3A42A5A}.Ad-Hoc|x64.Deploy.0 = Release|Any CPU
		{07E57FB3-7323-4045-85E3-C172F3A42A5A}.Ad-Hoc|x86.ActiveCfg = Release|Any CPU
		{07E57FB3-7323-4045-85E3-C172F3A42A5A}.Ad-Hoc|x86.Build.0 = Release|Any CPU
		{07E57FB3-7323-4045-85E3-C172F3A42A5A}.Ad-Hoc|x86.Deploy.0 = Release|Any CPU
		{07E57FB3-7323-4045-85E3-C172F3A42A5A}.AppStore|Any CPU.ActiveCfg = Release|Any CPU
		{07E57FB3-7323-4045-85E3-C172F3A42A5A}.AppStore|Any CPU.Build.0 = Release|Any CPU
		{07E57FB3-7323-4045-85E3-C172F3A42A5A}.AppStore|Any CPU.Deploy.0 = Release|Any CPU
		{07E57FB3-7323-4045-85E3-C172F3A42A5A}.AppStore|ARM.ActiveCfg = Release|Any CPU
		{07E57FB3-7323-4045-85E3-C172F3A42A5A}.AppStore|ARM.Build.0 = Release|Any CPU
		{07E57FB3-7323-4045-85E3-C172F3A42A5A}.AppStore|ARM.Deploy.0 = Release|Any CPU
		{07E57FB3-7323-4045-85E3-C172F3A42A5A}.AppStore|iPhone.ActiveCfg = Release|Any CPU
		{07E57FB3-7323-4045-85E3-C172F3A42A5A}.AppStore|iPhone.Build.0 = Release|Any CPU
		{07E57FB3-7323-4045-85E3-C172F3A42A5A}.AppStore|iPhone.Deploy.0 = Release|Any CPU
		{07E57FB3-7323-4045-85E3-C172F3A42A5A}.AppStore|iPhoneSimulator.ActiveCfg = Release|Any CPU
		{07E57FB3-7323-4045-85E3-C172F3A42A5A}.AppStore|iPhoneSimulator.Build.0 = Release|Any CPU
		{07E57FB3-7323-4045-85E3-C172F3A42A5A}.AppStore|iPhoneSimulator.Deploy.0 = Release|Any CPU
		{07E57FB3-7323-4045-85E3-C172F3A42A5A}.AppStore|x64.ActiveCfg = Release|Any CPU
		{07E57FB3-7323-4045-85E3-C172F3A42A5A}.AppStore|x64.Build.0 = Release|Any CPU
		{07E57FB3-7323-4045-85E3-C172F3A42A5A}.AppStore|x64.Deploy.0 = Release|Any CPU
		{07E57FB3-7323-4045-85E3-C172F3A42A5A}.AppStore|x86.ActiveCfg = Release|Any CPU
		{07E57FB3-7323-4045-85E3-C172F3A42A5A}.AppStore|x86.Build.0 = Release|Any CPU
		{07E57FB3-7323-4045-85E3-C172F3A42A5A}.AppStore|x86.Deploy.0 = Release|Any CPU
		{07E57FB3-7323-4045-85E3-C172F3A42A5A}.Debug|Any CPU.ActiveCfg = Debug|Any CPU
		{07E57FB3-7323-4045-85E3-C172F3A42A5A}.Debug|Any CPU.Build.0 = Debug|Any CPU
		{07E57FB3-7323-4045-85E3-C172F3A42A5A}.Debug|Any CPU.Deploy.0 = Debug|Any CPU
		{07E57FB3-7323-4045-85E3-C172F3A42A5A}.Debug|ARM.ActiveCfg = Debug|Any CPU
		{07E57FB3-7323-4045-85E3-C172F3A42A5A}.Debug|ARM.Build.0 = Debug|Any CPU
		{07E57FB3-7323-4045-85E3-C172F3A42A5A}.Debug|ARM.Deploy.0 = Debug|Any CPU
		{07E57FB3-7323-4045-85E3-C172F3A42A5A}.Debug|iPhone.ActiveCfg = Debug|Any CPU
		{07E57FB3-7323-4045-85E3-C172F3A42A5A}.Debug|iPhone.Build.0 = Debug|Any CPU
		{07E57FB3-7323-4045-85E3-C172F3A42A5A}.Debug|iPhone.Deploy.0 = Debug|Any CPU
		{07E57FB3-7323-4045-85E3-C172F3A42A5A}.Debug|iPhoneSimulator.ActiveCfg = Debug|Any CPU
		{07E57FB3-7323-4045-85E3-C172F3A42A5A}.Debug|iPhoneSimulator.Build.0 = Debug|Any CPU
		{07E57FB3-7323-4045-85E3-C172F3A42A5A}.Debug|iPhoneSimulator.Deploy.0 = Debug|Any CPU
		{07E57FB3-7323-4045-85E3-C172F3A42A5A}.Debug|x64.ActiveCfg = Debug|Any CPU
		{07E57FB3-7323-4045-85E3-C172F3A42A5A}.Debug|x64.Build.0 = Debug|Any CPU
		{07E57FB3-7323-4045-85E3-C172F3A42A5A}.Debug|x64.Deploy.0 = Debug|Any CPU
		{07E57FB3-7323-4045-85E3-C172F3A42A5A}.Debug|x86.ActiveCfg = Debug|Any CPU
		{07E57FB3-7323-4045-85E3-C172F3A42A5A}.Debug|x86.Build.0 = Debug|Any CPU
		{07E57FB3-7323-4045-85E3-C172F3A42A5A}.Debug|x86.Deploy.0 = Debug|Any CPU
		{07E57FB3-7323-4045-85E3-C172F3A42A5A}.Release|Any CPU.ActiveCfg = Release|Any CPU
		{07E57FB3-7323-4045-85E3-C172F3A42A5A}.Release|Any CPU.Build.0 = Release|Any CPU
		{07E57FB3-7323-4045-85E3-C172F3A42A5A}.Release|Any CPU.Deploy.0 = Release|Any CPU
		{07E57FB3-7323-4045-85E3-C172F3A42A5A}.Release|ARM.ActiveCfg = Release|Any CPU
		{07E57FB3-7323-4045-85E3-C172F3A42A5A}.Release|ARM.Build.0 = Release|Any CPU
		{07E57FB3-7323-4045-85E3-C172F3A42A5A}.Release|ARM.Deploy.0 = Release|Any CPU
		{07E57FB3-7323-4045-85E3-C172F3A42A5A}.Release|iPhone.ActiveCfg = Release|Any CPU
		{07E57FB3-7323-4045-85E3-C172F3A42A5A}.Release|iPhone.Build.0 = Release|Any CPU
		{07E57FB3-7323-4045-85E3-C172F3A42A5A}.Release|iPhone.Deploy.0 = Release|Any CPU
		{07E57FB3-7323-4045-85E3-C172F3A42A5A}.Release|iPhoneSimulator.ActiveCfg = Release|Any CPU
		{07E57FB3-7323-4045-85E3-C172F3A42A5A}.Release|iPhoneSimulator.Build.0 = Release|Any CPU
		{07E57FB3-7323-4045-85E3-C172F3A42A5A}.Release|iPhoneSimulator.Deploy.0 = Release|Any CPU
		{07E57FB3-7323-4045-85E3-C172F3A42A5A}.Release|x64.ActiveCfg = Release|Any CPU
		{07E57FB3-7323-4045-85E3-C172F3A42A5A}.Release|x64.Build.0 = Release|Any CPU
		{07E57FB3-7323-4045-85E3-C172F3A42A5A}.Release|x64.Deploy.0 = Release|Any CPU
		{07E57FB3-7323-4045-85E3-C172F3A42A5A}.Release|x86.ActiveCfg = Release|Any CPU
		{07E57FB3-7323-4045-85E3-C172F3A42A5A}.Release|x86.Build.0 = Release|Any CPU
		{07E57FB3-7323-4045-85E3-C172F3A42A5A}.Release|x86.Deploy.0 = Release|Any CPU
		{2416C8DD-99F8-4BEA-AE3B-988D314B043B}.Ad-Hoc|Any CPU.ActiveCfg = Ad-Hoc|iPhone
		{2416C8DD-99F8-4BEA-AE3B-988D314B043B}.Ad-Hoc|ARM.ActiveCfg = Ad-Hoc|iPhone
		{2416C8DD-99F8-4BEA-AE3B-988D314B043B}.Ad-Hoc|iPhone.ActiveCfg = Ad-Hoc|iPhone
		{2416C8DD-99F8-4BEA-AE3B-988D314B043B}.Ad-Hoc|iPhone.Build.0 = Ad-Hoc|iPhone
		{2416C8DD-99F8-4BEA-AE3B-988D314B043B}.Ad-Hoc|iPhoneSimulator.ActiveCfg = Ad-Hoc|iPhoneSimulator
		{2416C8DD-99F8-4BEA-AE3B-988D314B043B}.Ad-Hoc|iPhoneSimulator.Build.0 = Ad-Hoc|iPhoneSimulator
		{2416C8DD-99F8-4BEA-AE3B-988D314B043B}.Ad-Hoc|x64.ActiveCfg = Ad-Hoc|iPhone
		{2416C8DD-99F8-4BEA-AE3B-988D314B043B}.Ad-Hoc|x86.ActiveCfg = Ad-Hoc|iPhone
		{2416C8DD-99F8-4BEA-AE3B-988D314B043B}.AppStore|Any CPU.ActiveCfg = AppStore|iPhone
		{2416C8DD-99F8-4BEA-AE3B-988D314B043B}.AppStore|ARM.ActiveCfg = AppStore|iPhone
		{2416C8DD-99F8-4BEA-AE3B-988D314B043B}.AppStore|iPhone.ActiveCfg = AppStore|iPhone
		{2416C8DD-99F8-4BEA-AE3B-988D314B043B}.AppStore|iPhone.Build.0 = AppStore|iPhone
		{2416C8DD-99F8-4BEA-AE3B-988D314B043B}.AppStore|iPhoneSimulator.ActiveCfg = AppStore|iPhoneSimulator
		{2416C8DD-99F8-4BEA-AE3B-988D314B043B}.AppStore|iPhoneSimulator.Build.0 = AppStore|iPhoneSimulator
		{2416C8DD-99F8-4BEA-AE3B-988D314B043B}.AppStore|x64.ActiveCfg = AppStore|iPhone
		{2416C8DD-99F8-4BEA-AE3B-988D314B043B}.AppStore|x86.ActiveCfg = AppStore|iPhone
		{2416C8DD-99F8-4BEA-AE3B-988D314B043B}.Debug|Any CPU.ActiveCfg = Debug|iPhone
		{2416C8DD-99F8-4BEA-AE3B-988D314B043B}.Debug|ARM.ActiveCfg = Debug|iPhone
		{2416C8DD-99F8-4BEA-AE3B-988D314B043B}.Debug|iPhone.ActiveCfg = Debug|iPhone
		{2416C8DD-99F8-4BEA-AE3B-988D314B043B}.Debug|iPhone.Build.0 = Debug|iPhone
		{2416C8DD-99F8-4BEA-AE3B-988D314B043B}.Debug|iPhoneSimulator.ActiveCfg = Debug|iPhoneSimulator
		{2416C8DD-99F8-4BEA-AE3B-988D314B043B}.Debug|iPhoneSimulator.Build.0 = Debug|iPhoneSimulator
		{2416C8DD-99F8-4BEA-AE3B-988D314B043B}.Debug|x64.ActiveCfg = Debug|iPhone
		{2416C8DD-99F8-4BEA-AE3B-988D314B043B}.Debug|x86.ActiveCfg = Debug|iPhone
		{2416C8DD-99F8-4BEA-AE3B-988D314B043B}.Release|Any CPU.ActiveCfg = Release|iPhone
		{2416C8DD-99F8-4BEA-AE3B-988D314B043B}.Release|ARM.ActiveCfg = Release|iPhone
		{2416C8DD-99F8-4BEA-AE3B-988D314B043B}.Release|iPhone.ActiveCfg = Release|iPhone
		{2416C8DD-99F8-4BEA-AE3B-988D314B043B}.Release|iPhone.Build.0 = Release|iPhone
		{2416C8DD-99F8-4BEA-AE3B-988D314B043B}.Release|iPhoneSimulator.ActiveCfg = Release|iPhoneSimulator
		{2416C8DD-99F8-4BEA-AE3B-988D314B043B}.Release|iPhoneSimulator.Build.0 = Release|iPhoneSimulator
		{2416C8DD-99F8-4BEA-AE3B-988D314B043B}.Release|x64.ActiveCfg = Release|iPhone
		{2416C8DD-99F8-4BEA-AE3B-988D314B043B}.Release|x86.ActiveCfg = Release|iPhone
		{BC29ED7D-7619-4B65-B574-FEE00A418B4B}.Ad-Hoc|Any CPU.ActiveCfg = Release|Any CPU
		{BC29ED7D-7619-4B65-B574-FEE00A418B4B}.Ad-Hoc|Any CPU.Build.0 = Release|Any CPU
		{BC29ED7D-7619-4B65-B574-FEE00A418B4B}.Ad-Hoc|Any CPU.Deploy.0 = Release|Any CPU
		{BC29ED7D-7619-4B65-B574-FEE00A418B4B}.Ad-Hoc|ARM.ActiveCfg = Release|ARM
		{BC29ED7D-7619-4B65-B574-FEE00A418B4B}.Ad-Hoc|ARM.Build.0 = Release|ARM
		{BC29ED7D-7619-4B65-B574-FEE00A418B4B}.Ad-Hoc|ARM.Deploy.0 = Release|ARM
		{BC29ED7D-7619-4B65-B574-FEE00A418B4B}.Ad-Hoc|iPhone.ActiveCfg = Release|Any CPU
		{BC29ED7D-7619-4B65-B574-FEE00A418B4B}.Ad-Hoc|iPhone.Build.0 = Release|Any CPU
		{BC29ED7D-7619-4B65-B574-FEE00A418B4B}.Ad-Hoc|iPhone.Deploy.0 = Release|Any CPU
		{BC29ED7D-7619-4B65-B574-FEE00A418B4B}.Ad-Hoc|iPhoneSimulator.ActiveCfg = Release|Any CPU
		{BC29ED7D-7619-4B65-B574-FEE00A418B4B}.Ad-Hoc|iPhoneSimulator.Build.0 = Release|Any CPU
		{BC29ED7D-7619-4B65-B574-FEE00A418B4B}.Ad-Hoc|iPhoneSimulator.Deploy.0 = Release|Any CPU
		{BC29ED7D-7619-4B65-B574-FEE00A418B4B}.Ad-Hoc|x64.ActiveCfg = Release|Any CPU
		{BC29ED7D-7619-4B65-B574-FEE00A418B4B}.Ad-Hoc|x64.Build.0 = Release|Any CPU
		{BC29ED7D-7619-4B65-B574-FEE00A418B4B}.Ad-Hoc|x64.Deploy.0 = Release|Any CPU
		{BC29ED7D-7619-4B65-B574-FEE00A418B4B}.Ad-Hoc|x86.ActiveCfg = Release|x86
		{BC29ED7D-7619-4B65-B574-FEE00A418B4B}.Ad-Hoc|x86.Build.0 = Release|x86
		{BC29ED7D-7619-4B65-B574-FEE00A418B4B}.Ad-Hoc|x86.Deploy.0 = Release|x86
		{BC29ED7D-7619-4B65-B574-FEE00A418B4B}.AppStore|Any CPU.ActiveCfg = Release|Any CPU
		{BC29ED7D-7619-4B65-B574-FEE00A418B4B}.AppStore|Any CPU.Build.0 = Release|Any CPU
		{BC29ED7D-7619-4B65-B574-FEE00A418B4B}.AppStore|Any CPU.Deploy.0 = Release|Any CPU
		{BC29ED7D-7619-4B65-B574-FEE00A418B4B}.AppStore|ARM.ActiveCfg = Release|ARM
		{BC29ED7D-7619-4B65-B574-FEE00A418B4B}.AppStore|ARM.Build.0 = Release|ARM
		{BC29ED7D-7619-4B65-B574-FEE00A418B4B}.AppStore|ARM.Deploy.0 = Release|ARM
		{BC29ED7D-7619-4B65-B574-FEE00A418B4B}.AppStore|iPhone.ActiveCfg = Release|Any CPU
		{BC29ED7D-7619-4B65-B574-FEE00A418B4B}.AppStore|iPhone.Build.0 = Release|Any CPU
		{BC29ED7D-7619-4B65-B574-FEE00A418B4B}.AppStore|iPhone.Deploy.0 = Release|Any CPU
		{BC29ED7D-7619-4B65-B574-FEE00A418B4B}.AppStore|iPhoneSimulator.ActiveCfg = Release|Any CPU
		{BC29ED7D-7619-4B65-B574-FEE00A418B4B}.AppStore|iPhoneSimulator.Build.0 = Release|Any CPU
		{BC29ED7D-7619-4B65-B574-FEE00A418B4B}.AppStore|iPhoneSimulator.Deploy.0 = Release|Any CPU
		{BC29ED7D-7619-4B65-B574-FEE00A418B4B}.AppStore|x64.ActiveCfg = Release|Any CPU
		{BC29ED7D-7619-4B65-B574-FEE00A418B4B}.AppStore|x64.Build.0 = Release|Any CPU
		{BC29ED7D-7619-4B65-B574-FEE00A418B4B}.AppStore|x64.Deploy.0 = Release|Any CPU
		{BC29ED7D-7619-4B65-B574-FEE00A418B4B}.AppStore|x86.ActiveCfg = Release|x86
		{BC29ED7D-7619-4B65-B574-FEE00A418B4B}.AppStore|x86.Build.0 = Release|x86
		{BC29ED7D-7619-4B65-B574-FEE00A418B4B}.AppStore|x86.Deploy.0 = Release|x86
		{BC29ED7D-7619-4B65-B574-FEE00A418B4B}.Debug|Any CPU.ActiveCfg = Debug|Any CPU
		{BC29ED7D-7619-4B65-B574-FEE00A418B4B}.Debug|Any CPU.Build.0 = Debug|Any CPU
		{BC29ED7D-7619-4B65-B574-FEE00A418B4B}.Debug|Any CPU.Deploy.0 = Debug|Any CPU
		{BC29ED7D-7619-4B65-B574-FEE00A418B4B}.Debug|ARM.ActiveCfg = Debug|ARM
		{BC29ED7D-7619-4B65-B574-FEE00A418B4B}.Debug|ARM.Build.0 = Debug|ARM
		{BC29ED7D-7619-4B65-B574-FEE00A418B4B}.Debug|ARM.Deploy.0 = Debug|ARM
		{BC29ED7D-7619-4B65-B574-FEE00A418B4B}.Debug|iPhone.ActiveCfg = Debug|Any CPU
		{BC29ED7D-7619-4B65-B574-FEE00A418B4B}.Debug|iPhone.Build.0 = Debug|Any CPU
		{BC29ED7D-7619-4B65-B574-FEE00A418B4B}.Debug|iPhone.Deploy.0 = Debug|Any CPU
		{BC29ED7D-7619-4B65-B574-FEE00A418B4B}.Debug|iPhoneSimulator.ActiveCfg = Debug|Any CPU
		{BC29ED7D-7619-4B65-B574-FEE00A418B4B}.Debug|iPhoneSimulator.Build.0 = Debug|Any CPU
		{BC29ED7D-7619-4B65-B574-FEE00A418B4B}.Debug|iPhoneSimulator.Deploy.0 = Debug|Any CPU
		{BC29ED7D-7619-4B65-B574-FEE00A418B4B}.Debug|x64.ActiveCfg = Debug|Any CPU
		{BC29ED7D-7619-4B65-B574-FEE00A418B4B}.Debug|x64.Build.0 = Debug|Any CPU
		{BC29ED7D-7619-4B65-B574-FEE00A418B4B}.Debug|x64.Deploy.0 = Debug|Any CPU
		{BC29ED7D-7619-4B65-B574-FEE00A418B4B}.Debug|x86.ActiveCfg = Debug|x86
		{BC29ED7D-7619-4B65-B574-FEE00A418B4B}.Debug|x86.Build.0 = Debug|x86
		{BC29ED7D-7619-4B65-B574-FEE00A418B4B}.Debug|x86.Deploy.0 = Debug|x86
		{BC29ED7D-7619-4B65-B574-FEE00A418B4B}.Release|Any CPU.ActiveCfg = Release|Any CPU
		{BC29ED7D-7619-4B65-B574-FEE00A418B4B}.Release|Any CPU.Build.0 = Release|Any CPU
		{BC29ED7D-7619-4B65-B574-FEE00A418B4B}.Release|Any CPU.Deploy.0 = Release|Any CPU
		{BC29ED7D-7619-4B65-B574-FEE00A418B4B}.Release|ARM.ActiveCfg = Release|ARM
		{BC29ED7D-7619-4B65-B574-FEE00A418B4B}.Release|ARM.Build.0 = Release|ARM
		{BC29ED7D-7619-4B65-B574-FEE00A418B4B}.Release|ARM.Deploy.0 = Release|ARM
		{BC29ED7D-7619-4B65-B574-FEE00A418B4B}.Release|iPhone.ActiveCfg = Release|Any CPU
		{BC29ED7D-7619-4B65-B574-FEE00A418B4B}.Release|iPhone.Build.0 = Release|Any CPU
		{BC29ED7D-7619-4B65-B574-FEE00A418B4B}.Release|iPhone.Deploy.0 = Release|Any CPU
		{BC29ED7D-7619-4B65-B574-FEE00A418B4B}.Release|iPhoneSimulator.ActiveCfg = Release|Any CPU
		{BC29ED7D-7619-4B65-B574-FEE00A418B4B}.Release|iPhoneSimulator.Build.0 = Release|Any CPU
		{BC29ED7D-7619-4B65-B574-FEE00A418B4B}.Release|iPhoneSimulator.Deploy.0 = Release|Any CPU
		{BC29ED7D-7619-4B65-B574-FEE00A418B4B}.Release|x64.ActiveCfg = Release|Any CPU
		{BC29ED7D-7619-4B65-B574-FEE00A418B4B}.Release|x64.Build.0 = Release|Any CPU
		{BC29ED7D-7619-4B65-B574-FEE00A418B4B}.Release|x64.Deploy.0 = Release|Any CPU
		{BC29ED7D-7619-4B65-B574-FEE00A418B4B}.Release|x86.ActiveCfg = Release|x86
		{BC29ED7D-7619-4B65-B574-FEE00A418B4B}.Release|x86.Build.0 = Release|x86
		{BC29ED7D-7619-4B65-B574-FEE00A418B4B}.Release|x86.Deploy.0 = Release|x86
		{8FC40DA3-A08F-4194-BDF9-7D78D43765E7}.Ad-Hoc|Any CPU.ActiveCfg = Release|x86
		{8FC40DA3-A08F-4194-BDF9-7D78D43765E7}.Ad-Hoc|Any CPU.Build.0 = Release|x86
		{8FC40DA3-A08F-4194-BDF9-7D78D43765E7}.Ad-Hoc|Any CPU.Deploy.0 = Release|x86
		{8FC40DA3-A08F-4194-BDF9-7D78D43765E7}.Ad-Hoc|ARM.ActiveCfg = Release|ARM
		{8FC40DA3-A08F-4194-BDF9-7D78D43765E7}.Ad-Hoc|ARM.Build.0 = Release|ARM
		{8FC40DA3-A08F-4194-BDF9-7D78D43765E7}.Ad-Hoc|ARM.Deploy.0 = Release|ARM
		{8FC40DA3-A08F-4194-BDF9-7D78D43765E7}.Ad-Hoc|iPhone.ActiveCfg = Release|x86
		{8FC40DA3-A08F-4194-BDF9-7D78D43765E7}.Ad-Hoc|iPhone.Build.0 = Release|x86
		{8FC40DA3-A08F-4194-BDF9-7D78D43765E7}.Ad-Hoc|iPhone.Deploy.0 = Release|x86
		{8FC40DA3-A08F-4194-BDF9-7D78D43765E7}.Ad-Hoc|iPhoneSimulator.ActiveCfg = Release|x86
		{8FC40DA3-A08F-4194-BDF9-7D78D43765E7}.Ad-Hoc|iPhoneSimulator.Build.0 = Release|x86
		{8FC40DA3-A08F-4194-BDF9-7D78D43765E7}.Ad-Hoc|iPhoneSimulator.Deploy.0 = Release|x86
		{8FC40DA3-A08F-4194-BDF9-7D78D43765E7}.Ad-Hoc|x64.ActiveCfg = Release|x64
		{8FC40DA3-A08F-4194-BDF9-7D78D43765E7}.Ad-Hoc|x64.Build.0 = Release|x64
		{8FC40DA3-A08F-4194-BDF9-7D78D43765E7}.Ad-Hoc|x64.Deploy.0 = Release|x64
		{8FC40DA3-A08F-4194-BDF9-7D78D43765E7}.Ad-Hoc|x86.ActiveCfg = Release|x86
		{8FC40DA3-A08F-4194-BDF9-7D78D43765E7}.Ad-Hoc|x86.Build.0 = Release|x86
		{8FC40DA3-A08F-4194-BDF9-7D78D43765E7}.Ad-Hoc|x86.Deploy.0 = Release|x86
		{8FC40DA3-A08F-4194-BDF9-7D78D43765E7}.AppStore|Any CPU.ActiveCfg = Release|x86
		{8FC40DA3-A08F-4194-BDF9-7D78D43765E7}.AppStore|Any CPU.Build.0 = Release|x86
		{8FC40DA3-A08F-4194-BDF9-7D78D43765E7}.AppStore|Any CPU.Deploy.0 = Release|x86
		{8FC40DA3-A08F-4194-BDF9-7D78D43765E7}.AppStore|ARM.ActiveCfg = Release|ARM
		{8FC40DA3-A08F-4194-BDF9-7D78D43765E7}.AppStore|ARM.Build.0 = Release|ARM
		{8FC40DA3-A08F-4194-BDF9-7D78D43765E7}.AppStore|ARM.Deploy.0 = Release|ARM
		{8FC40DA3-A08F-4194-BDF9-7D78D43765E7}.AppStore|iPhone.ActiveCfg = Release|x86
		{8FC40DA3-A08F-4194-BDF9-7D78D43765E7}.AppStore|iPhone.Build.0 = Release|x86
		{8FC40DA3-A08F-4194-BDF9-7D78D43765E7}.AppStore|iPhone.Deploy.0 = Release|x86
		{8FC40DA3-A08F-4194-BDF9-7D78D43765E7}.AppStore|iPhoneSimulator.ActiveCfg = Release|x86
		{8FC40DA3-A08F-4194-BDF9-7D78D43765E7}.AppStore|iPhoneSimulator.Build.0 = Release|x86
		{8FC40DA3-A08F-4194-BDF9-7D78D43765E7}.AppStore|iPhoneSimulator.Deploy.0 = Release|x86
		{8FC40DA3-A08F-4194-BDF9-7D78D43765E7}.AppStore|x64.ActiveCfg = Release|x64
		{8FC40DA3-A08F-4194-BDF9-7D78D43765E7}.AppStore|x64.Build.0 = Release|x64
		{8FC40DA3-A08F-4194-BDF9-7D78D43765E7}.AppStore|x64.Deploy.0 = Release|x64
		{8FC40DA3-A08F-4194-BDF9-7D78D43765E7}.AppStore|x86.ActiveCfg = Release|x86
		{8FC40DA3-A08F-4194-BDF9-7D78D43765E7}.AppStore|x86.Build.0 = Release|x86
		{8FC40DA3-A08F-4194-BDF9-7D78D43765E7}.AppStore|x86.Deploy.0 = Release|x86
		{8FC40DA3-A08F-4194-BDF9-7D78D43765E7}.Debug|Any CPU.ActiveCfg = Debug|x86
		{8FC40DA3-A08F-4194-BDF9-7D78D43765E7}.Debug|ARM.ActiveCfg = Debug|ARM
		{8FC40DA3-A08F-4194-BDF9-7D78D43765E7}.Debug|ARM.Build.0 = Debug|ARM
		{8FC40DA3-A08F-4194-BDF9-7D78D43765E7}.Debug|ARM.Deploy.0 = Debug|ARM
		{8FC40DA3-A08F-4194-BDF9-7D78D43765E7}.Debug|iPhone.ActiveCfg = Debug|x86
		{8FC40DA3-A08F-4194-BDF9-7D78D43765E7}.Debug|iPhoneSimulator.ActiveCfg = Debug|x86
		{8FC40DA3-A08F-4194-BDF9-7D78D43765E7}.Debug|x64.ActiveCfg = Debug|x64
		{8FC40DA3-A08F-4194-BDF9-7D78D43765E7}.Debug|x64.Build.0 = Debug|x64
		{8FC40DA3-A08F-4194-BDF9-7D78D43765E7}.Debug|x64.Deploy.0 = Debug|x64
		{8FC40DA3-A08F-4194-BDF9-7D78D43765E7}.Debug|x86.ActiveCfg = Debug|x86
		{8FC40DA3-A08F-4194-BDF9-7D78D43765E7}.Debug|x86.Build.0 = Debug|x86
		{8FC40DA3-A08F-4194-BDF9-7D78D43765E7}.Debug|x86.Deploy.0 = Debug|x86
		{8FC40DA3-A08F-4194-BDF9-7D78D43765E7}.Release|Any CPU.ActiveCfg = Release|x86
		{8FC40DA3-A08F-4194-BDF9-7D78D43765E7}.Release|ARM.ActiveCfg = Release|ARM
		{8FC40DA3-A08F-4194-BDF9-7D78D43765E7}.Release|ARM.Build.0 = Release|ARM
		{8FC40DA3-A08F-4194-BDF9-7D78D43765E7}.Release|ARM.Deploy.0 = Release|ARM
		{8FC40DA3-A08F-4194-BDF9-7D78D43765E7}.Release|iPhone.ActiveCfg = Release|x86
		{8FC40DA3-A08F-4194-BDF9-7D78D43765E7}.Release|iPhoneSimulator.ActiveCfg = Release|x86
		{8FC40DA3-A08F-4194-BDF9-7D78D43765E7}.Release|x64.ActiveCfg = Release|x64
		{8FC40DA3-A08F-4194-BDF9-7D78D43765E7}.Release|x64.Build.0 = Release|x64
		{8FC40DA3-A08F-4194-BDF9-7D78D43765E7}.Release|x64.Deploy.0 = Release|x64
		{8FC40DA3-A08F-4194-BDF9-7D78D43765E7}.Release|x86.ActiveCfg = Release|x86
		{8FC40DA3-A08F-4194-BDF9-7D78D43765E7}.Release|x86.Build.0 = Release|x86
		{8FC40DA3-A08F-4194-BDF9-7D78D43765E7}.Release|x86.Deploy.0 = Release|x86
		{0B6B24E0-131D-452C-85D0-CC6CD8F6D72D}.Ad-Hoc|Any CPU.ActiveCfg = Release|Any CPU
		{0B6B24E0-131D-452C-85D0-CC6CD8F6D72D}.Ad-Hoc|Any CPU.Build.0 = Release|Any CPU
		{0B6B24E0-131D-452C-85D0-CC6CD8F6D72D}.Ad-Hoc|Any CPU.Deploy.0 = Release|Any CPU
		{0B6B24E0-131D-452C-85D0-CC6CD8F6D72D}.Ad-Hoc|ARM.ActiveCfg = Release|ARM
		{0B6B24E0-131D-452C-85D0-CC6CD8F6D72D}.Ad-Hoc|ARM.Build.0 = Release|ARM
		{0B6B24E0-131D-452C-85D0-CC6CD8F6D72D}.Ad-Hoc|ARM.Deploy.0 = Release|ARM
		{0B6B24E0-131D-452C-85D0-CC6CD8F6D72D}.Ad-Hoc|iPhone.ActiveCfg = Release|Any CPU
		{0B6B24E0-131D-452C-85D0-CC6CD8F6D72D}.Ad-Hoc|iPhone.Build.0 = Release|Any CPU
		{0B6B24E0-131D-452C-85D0-CC6CD8F6D72D}.Ad-Hoc|iPhone.Deploy.0 = Release|Any CPU
		{0B6B24E0-131D-452C-85D0-CC6CD8F6D72D}.Ad-Hoc|iPhoneSimulator.ActiveCfg = Release|Any CPU
		{0B6B24E0-131D-452C-85D0-CC6CD8F6D72D}.Ad-Hoc|iPhoneSimulator.Build.0 = Release|Any CPU
		{0B6B24E0-131D-452C-85D0-CC6CD8F6D72D}.Ad-Hoc|iPhoneSimulator.Deploy.0 = Release|Any CPU
		{0B6B24E0-131D-452C-85D0-CC6CD8F6D72D}.Ad-Hoc|x64.ActiveCfg = Release|x64
		{0B6B24E0-131D-452C-85D0-CC6CD8F6D72D}.Ad-Hoc|x64.Build.0 = Release|x64
		{0B6B24E0-131D-452C-85D0-CC6CD8F6D72D}.Ad-Hoc|x64.Deploy.0 = Release|x64
		{0B6B24E0-131D-452C-85D0-CC6CD8F6D72D}.Ad-Hoc|x86.ActiveCfg = Release|x86
		{0B6B24E0-131D-452C-85D0-CC6CD8F6D72D}.Ad-Hoc|x86.Build.0 = Release|x86
		{0B6B24E0-131D-452C-85D0-CC6CD8F6D72D}.Ad-Hoc|x86.Deploy.0 = Release|x86
		{0B6B24E0-131D-452C-85D0-CC6CD8F6D72D}.AppStore|Any CPU.ActiveCfg = Release|Any CPU
		{0B6B24E0-131D-452C-85D0-CC6CD8F6D72D}.AppStore|Any CPU.Build.0 = Release|Any CPU
		{0B6B24E0-131D-452C-85D0-CC6CD8F6D72D}.AppStore|Any CPU.Deploy.0 = Release|Any CPU
		{0B6B24E0-131D-452C-85D0-CC6CD8F6D72D}.AppStore|ARM.ActiveCfg = Release|ARM
		{0B6B24E0-131D-452C-85D0-CC6CD8F6D72D}.AppStore|ARM.Build.0 = Release|ARM
		{0B6B24E0-131D-452C-85D0-CC6CD8F6D72D}.AppStore|ARM.Deploy.0 = Release|ARM
		{0B6B24E0-131D-452C-85D0-CC6CD8F6D72D}.AppStore|iPhone.ActiveCfg = Release|Any CPU
		{0B6B24E0-131D-452C-85D0-CC6CD8F6D72D}.AppStore|iPhone.Build.0 = Release|Any CPU
		{0B6B24E0-131D-452C-85D0-CC6CD8F6D72D}.AppStore|iPhone.Deploy.0 = Release|Any CPU
		{0B6B24E0-131D-452C-85D0-CC6CD8F6D72D}.AppStore|iPhoneSimulator.ActiveCfg = Release|Any CPU
		{0B6B24E0-131D-452C-85D0-CC6CD8F6D72D}.AppStore|iPhoneSimulator.Build.0 = Release|Any CPU
		{0B6B24E0-131D-452C-85D0-CC6CD8F6D72D}.AppStore|iPhoneSimulator.Deploy.0 = Release|Any CPU
		{0B6B24E0-131D-452C-85D0-CC6CD8F6D72D}.AppStore|x64.ActiveCfg = Release|x64
		{0B6B24E0-131D-452C-85D0-CC6CD8F6D72D}.AppStore|x64.Build.0 = Release|x64
		{0B6B24E0-131D-452C-85D0-CC6CD8F6D72D}.AppStore|x64.Deploy.0 = Release|x64
		{0B6B24E0-131D-452C-85D0-CC6CD8F6D72D}.AppStore|x86.ActiveCfg = Release|x86
		{0B6B24E0-131D-452C-85D0-CC6CD8F6D72D}.AppStore|x86.Build.0 = Release|x86
		{0B6B24E0-131D-452C-85D0-CC6CD8F6D72D}.AppStore|x86.Deploy.0 = Release|x86
		{0B6B24E0-131D-452C-85D0-CC6CD8F6D72D}.Debug|Any CPU.ActiveCfg = Debug|Any CPU
		{0B6B24E0-131D-452C-85D0-CC6CD8F6D72D}.Debug|Any CPU.Build.0 = Debug|Any CPU
		{0B6B24E0-131D-452C-85D0-CC6CD8F6D72D}.Debug|Any CPU.Deploy.0 = Debug|Any CPU
		{0B6B24E0-131D-452C-85D0-CC6CD8F6D72D}.Debug|ARM.ActiveCfg = Debug|ARM
		{0B6B24E0-131D-452C-85D0-CC6CD8F6D72D}.Debug|ARM.Build.0 = Debug|ARM
		{0B6B24E0-131D-452C-85D0-CC6CD8F6D72D}.Debug|ARM.Deploy.0 = Debug|ARM
		{0B6B24E0-131D-452C-85D0-CC6CD8F6D72D}.Debug|iPhone.ActiveCfg = Debug|Any CPU
		{0B6B24E0-131D-452C-85D0-CC6CD8F6D72D}.Debug|iPhone.Build.0 = Debug|Any CPU
		{0B6B24E0-131D-452C-85D0-CC6CD8F6D72D}.Debug|iPhone.Deploy.0 = Debug|Any CPU
		{0B6B24E0-131D-452C-85D0-CC6CD8F6D72D}.Debug|iPhoneSimulator.ActiveCfg = Debug|Any CPU
		{0B6B24E0-131D-452C-85D0-CC6CD8F6D72D}.Debug|iPhoneSimulator.Build.0 = Debug|Any CPU
		{0B6B24E0-131D-452C-85D0-CC6CD8F6D72D}.Debug|iPhoneSimulator.Deploy.0 = Debug|Any CPU
		{0B6B24E0-131D-452C-85D0-CC6CD8F6D72D}.Debug|x64.ActiveCfg = Debug|x64
		{0B6B24E0-131D-452C-85D0-CC6CD8F6D72D}.Debug|x64.Build.0 = Debug|x64
		{0B6B24E0-131D-452C-85D0-CC6CD8F6D72D}.Debug|x64.Deploy.0 = Debug|x64
		{0B6B24E0-131D-452C-85D0-CC6CD8F6D72D}.Debug|x86.ActiveCfg = Debug|x86
		{0B6B24E0-131D-452C-85D0-CC6CD8F6D72D}.Debug|x86.Build.0 = Debug|x86
		{0B6B24E0-131D-452C-85D0-CC6CD8F6D72D}.Debug|x86.Deploy.0 = Debug|x86
		{0B6B24E0-131D-452C-85D0-CC6CD8F6D72D}.Release|Any CPU.ActiveCfg = Release|Any CPU
		{0B6B24E0-131D-452C-85D0-CC6CD8F6D72D}.Release|Any CPU.Build.0 = Release|Any CPU
		{0B6B24E0-131D-452C-85D0-CC6CD8F6D72D}.Release|Any CPU.Deploy.0 = Release|Any CPU
		{0B6B24E0-131D-452C-85D0-CC6CD8F6D72D}.Release|ARM.ActiveCfg = Release|ARM
		{0B6B24E0-131D-452C-85D0-CC6CD8F6D72D}.Release|ARM.Build.0 = Release|ARM
		{0B6B24E0-131D-452C-85D0-CC6CD8F6D72D}.Release|ARM.Deploy.0 = Release|ARM
		{0B6B24E0-131D-452C-85D0-CC6CD8F6D72D}.Release|iPhone.ActiveCfg = Release|Any CPU
		{0B6B24E0-131D-452C-85D0-CC6CD8F6D72D}.Release|iPhone.Build.0 = Release|Any CPU
		{0B6B24E0-131D-452C-85D0-CC6CD8F6D72D}.Release|iPhone.Deploy.0 = Release|Any CPU
		{0B6B24E0-131D-452C-85D0-CC6CD8F6D72D}.Release|iPhoneSimulator.ActiveCfg = Release|Any CPU
		{0B6B24E0-131D-452C-85D0-CC6CD8F6D72D}.Release|iPhoneSimulator.Build.0 = Release|Any CPU
		{0B6B24E0-131D-452C-85D0-CC6CD8F6D72D}.Release|iPhoneSimulator.Deploy.0 = Release|Any CPU
		{0B6B24E0-131D-452C-85D0-CC6CD8F6D72D}.Release|x64.ActiveCfg = Release|x64
		{0B6B24E0-131D-452C-85D0-CC6CD8F6D72D}.Release|x64.Build.0 = Release|x64
		{0B6B24E0-131D-452C-85D0-CC6CD8F6D72D}.Release|x64.Deploy.0 = Release|x64
		{0B6B24E0-131D-452C-85D0-CC6CD8F6D72D}.Release|x86.ActiveCfg = Release|x86
		{0B6B24E0-131D-452C-85D0-CC6CD8F6D72D}.Release|x86.Build.0 = Release|x86
		{0B6B24E0-131D-452C-85D0-CC6CD8F6D72D}.Release|x86.Deploy.0 = Release|x86
		{996D1A3A-93FC-441F-BA26-0383B9FF278C}.Ad-Hoc|Any CPU.ActiveCfg = Release|Any CPU
		{996D1A3A-93FC-441F-BA26-0383B9FF278C}.Ad-Hoc|Any CPU.Build.0 = Release|Any CPU
		{996D1A3A-93FC-441F-BA26-0383B9FF278C}.Ad-Hoc|ARM.ActiveCfg = Release|Any CPU
		{996D1A3A-93FC-441F-BA26-0383B9FF278C}.Ad-Hoc|ARM.Build.0 = Release|Any CPU
		{996D1A3A-93FC-441F-BA26-0383B9FF278C}.Ad-Hoc|iPhone.ActiveCfg = Release|Any CPU
		{996D1A3A-93FC-441F-BA26-0383B9FF278C}.Ad-Hoc|iPhone.Build.0 = Release|Any CPU
		{996D1A3A-93FC-441F-BA26-0383B9FF278C}.Ad-Hoc|iPhoneSimulator.ActiveCfg = Release|Any CPU
		{996D1A3A-93FC-441F-BA26-0383B9FF278C}.Ad-Hoc|iPhoneSimulator.Build.0 = Release|Any CPU
		{996D1A3A-93FC-441F-BA26-0383B9FF278C}.Ad-Hoc|x64.ActiveCfg = Release|Any CPU
		{996D1A3A-93FC-441F-BA26-0383B9FF278C}.Ad-Hoc|x64.Build.0 = Release|Any CPU
		{996D1A3A-93FC-441F-BA26-0383B9FF278C}.Ad-Hoc|x86.ActiveCfg = Release|Any CPU
		{996D1A3A-93FC-441F-BA26-0383B9FF278C}.Ad-Hoc|x86.Build.0 = Release|Any CPU
		{996D1A3A-93FC-441F-BA26-0383B9FF278C}.AppStore|Any CPU.ActiveCfg = Release|Any CPU
		{996D1A3A-93FC-441F-BA26-0383B9FF278C}.AppStore|Any CPU.Build.0 = Release|Any CPU
		{996D1A3A-93FC-441F-BA26-0383B9FF278C}.AppStore|ARM.ActiveCfg = Release|Any CPU
		{996D1A3A-93FC-441F-BA26-0383B9FF278C}.AppStore|ARM.Build.0 = Release|Any CPU
		{996D1A3A-93FC-441F-BA26-0383B9FF278C}.AppStore|iPhone.ActiveCfg = Release|Any CPU
		{996D1A3A-93FC-441F-BA26-0383B9FF278C}.AppStore|iPhone.Build.0 = Release|Any CPU
		{996D1A3A-93FC-441F-BA26-0383B9FF278C}.AppStore|iPhoneSimulator.ActiveCfg = Release|Any CPU
		{996D1A3A-93FC-441F-BA26-0383B9FF278C}.AppStore|iPhoneSimulator.Build.0 = Release|Any CPU
		{996D1A3A-93FC-441F-BA26-0383B9FF278C}.AppStore|x64.ActiveCfg = Release|Any CPU
		{996D1A3A-93FC-441F-BA26-0383B9FF278C}.AppStore|x64.Build.0 = Release|Any CPU
		{996D1A3A-93FC-441F-BA26-0383B9FF278C}.AppStore|x86.ActiveCfg = Release|Any CPU
		{996D1A3A-93FC-441F-BA26-0383B9FF278C}.AppStore|x86.Build.0 = Release|Any CPU
		{996D1A3A-93FC-441F-BA26-0383B9FF278C}.Debug|Any CPU.ActiveCfg = Debug|Any CPU
		{996D1A3A-93FC-441F-BA26-0383B9FF278C}.Debug|Any CPU.Build.0 = Debug|Any CPU
		{996D1A3A-93FC-441F-BA26-0383B9FF278C}.Debug|ARM.ActiveCfg = Debug|Any CPU
		{996D1A3A-93FC-441F-BA26-0383B9FF278C}.Debug|ARM.Build.0 = Debug|Any CPU
		{996D1A3A-93FC-441F-BA26-0383B9FF278C}.Debug|iPhone.ActiveCfg = Debug|Any CPU
		{996D1A3A-93FC-441F-BA26-0383B9FF278C}.Debug|iPhone.Build.0 = Debug|Any CPU
		{996D1A3A-93FC-441F-BA26-0383B9FF278C}.Debug|iPhoneSimulator.ActiveCfg = Debug|Any CPU
		{996D1A3A-93FC-441F-BA26-0383B9FF278C}.Debug|iPhoneSimulator.Build.0 = Debug|Any CPU
		{996D1A3A-93FC-441F-BA26-0383B9FF278C}.Debug|x64.ActiveCfg = Debug|Any CPU
		{996D1A3A-93FC-441F-BA26-0383B9FF278C}.Debug|x64.Build.0 = Debug|Any CPU
		{996D1A3A-93FC-441F-BA26-0383B9FF278C}.Debug|x86.ActiveCfg = Debug|Any CPU
		{996D1A3A-93FC-441F-BA26-0383B9FF278C}.Debug|x86.Build.0 = Debug|Any CPU
		{996D1A3A-93FC-441F-BA26-0383B9FF278C}.Release|Any CPU.ActiveCfg = Release|Any CPU
		{996D1A3A-93FC-441F-BA26-0383B9FF278C}.Release|Any CPU.Build.0 = Release|Any CPU
		{996D1A3A-93FC-441F-BA26-0383B9FF278C}.Release|ARM.ActiveCfg = Release|Any CPU
		{996D1A3A-93FC-441F-BA26-0383B9FF278C}.Release|ARM.Build.0 = Release|Any CPU
		{996D1A3A-93FC-441F-BA26-0383B9FF278C}.Release|iPhone.ActiveCfg = Release|Any CPU
		{996D1A3A-93FC-441F-BA26-0383B9FF278C}.Release|iPhone.Build.0 = Release|Any CPU
		{996D1A3A-93FC-441F-BA26-0383B9FF278C}.Release|iPhoneSimulator.ActiveCfg = Release|Any CPU
		{996D1A3A-93FC-441F-BA26-0383B9FF278C}.Release|iPhoneSimulator.Build.0 = Release|Any CPU
		{996D1A3A-93FC-441F-BA26-0383B9FF278C}.Release|x64.ActiveCfg = Release|Any CPU
		{996D1A3A-93FC-441F-BA26-0383B9FF278C}.Release|x64.Build.0 = Release|Any CPU
		{996D1A3A-93FC-441F-BA26-0383B9FF278C}.Release|x86.ActiveCfg = Release|Any CPU
		{996D1A3A-93FC-441F-BA26-0383B9FF278C}.Release|x86.Build.0 = Release|Any CPU
	EndGlobalSection
	GlobalSection(SolutionProperties) = preSolution
		HideSolutionNode = FALSE
	EndGlobalSection
EndGlobal
